{
  "requires": true,
  "lockfileVersion": 1,
  "dependencies": {
    "bootstrap": {
      "version": "4.5.0",
      "resolved": "https://registry.npmjs.org/bootstrap/-/bootstrap-4.5.0.tgz",
      "integrity": "sha512-Z93QoXvodoVslA+PWNdk23Hze4RBYIkpb5h8I2HY2Tu2h7A0LpAgLcyrhrSUyo2/Oxm2l1fRZPs1e5hnxnliXA=="
    },
    "dark-mode-switch": {
      "version": "1.0.0",
      "resolved": "https://registry.npmjs.org/dark-mode-switch/-/dark-mode-switch-1.0.0.tgz",
      "integrity": "sha512-wRoqYGmph7mwRbPcSNRR6DpRQe5wOK0lG6O3Hz7nIWWDyLAHSqje7PUI6c/acOYACiSPHc7sqysn57GSuklb6w=="
    },
    "jquery": {
      "version": "3.5.1",
      "resolved": "https://registry.npmjs.org/jquery/-/jquery-3.5.1.tgz",
      "integrity": "sha512-XwIBPqcMn57FxfT+Go5pzySnm4KWkT1Tv7gjrpT1srtf8Weynl6R273VJ5GjkRb51IzMp5nbaPjJXMWeju2MKg=="
    }
  }
}
